
Microsoft Visual Studio Solution File, Format Version 12.00
# Visual Studio Version 16
VisualStudioVersion = 16.0.31605.320
MinimumVisualStudioVersion = 10.0.40219.1
Project("{FAE04EC0-301F-11D3-BF4B-00C04F79EFBC}") = "GetInfoIndex", "GetInfoIndex.csproj", "{A3C81EB1-55C2-4207-BE2C-A87BBAE6C95A}"
EndProject
Global
	GlobalSection(SolutionConfigurationPlatforms) = preSolution
		Debug|Any CPU = Debug|Any CPU
		Release|Any CPU = Release|Any CPU
	EndGlobalSection
	GlobalSection(ProjectConfigurationPlatforms) = postSolution
		{A3C81EB1-55C2-4207-BE2C-A87BBAE6C95A}.Debug|Any CPU.ActiveCfg = Debug|Any CPU
		{A3C81EB1-55C2-4207-BE2C-A87BBAE6C95A}.Debug|Any CPU.Build.0 = Debug|Any CPU
		{A3C81EB1-55C2-4207-BE2C-A87BBAE6C95A}.Release|Any CPU.ActiveCfg = Release|Any CPU
		{A3C81EB1-55C2-4207-BE2C-A87BBAE6C95A}.Release|Any CPU.Build.0 = Release|Any CPU
	EndGlobalSection
	GlobalSection(SolutionProperties) = preSolution
		HideSolutionNode = FALSE
	EndGlobalSection
	GlobalSection(ExtensibilityGlobals) = postSolution
		SolutionGuid = {E4921D75-E9E7-4DA7-993C-D53645281F5B}
	EndGlobalSection
EndGlobal
